
Microsoft Visual Studio Solution File, Format Version 12.00
# Visual Studio Version 17
VisualStudioVersion = 17.5.002.0
MinimumVisualStudioVersion = 10.0.40219.1
Project("{9A19103F-16F7-4668-BE54-9A1E7A4F7556}") = "AlcoolOUGasolina", "AlcoolOUGasolina.csproj", "{6FFAE3ED-095E-4B70-AD94-3E0373A5E06F}"
EndProject
Global
	GlobalSection(SolutionConfigurationPlatforms) = preSolution
		Debug|Any CPU = Debug|Any CPU
		Release|Any CPU = Release|Any CPU
	EndGlobalSection
	GlobalSection(ProjectConfigurationPlatforms) = postSolution
		{6FFAE3ED-095E-4B70-AD94-3E0373A5E06F}.Debug|Any CPU.ActiveCfg = Debug|Any CPU
		{6FFAE3ED-095E-4B70-AD94-3E0373A5E06F}.Debug|Any CPU.Build.0 = Debug|Any CPU
		{6FFAE3ED-095E-4B70-AD94-3E0373A5E06F}.Release|Any CPU.ActiveCfg = Release|Any CPU
		{6FFAE3ED-095E-4B70-AD94-3E0373A5E06F}.Release|Any CPU.Build.0 = Release|Any CPU
	EndGlobalSection
	GlobalSection(SolutionProperties) = preSolution
		HideSolutionNode = FALSE
	EndGlobalSection
	GlobalSection(ExtensibilityGlobals) = postSolution
		SolutionGuid = {CDFE31EA-5F9E-4207-B95E-30512A8314D2}
	EndGlobalSection
EndGlobal
